
Microsoft Visual Studio Solution File, Format Version 12.00
# Visual Studio 14
VisualStudioVersion = 14.0.25420.1
MinimumVisualStudioVersion = 10.0.40219.1
Project("{2150E333-8FDC-42A3-9474-1A3956D46DE8}") = "CSharp", "CSharp", "{5BCC502D-D6DF-4FEF-9FCB-7ABB33B378D8}"
EndProject
Project("{FAE04EC0-301F-11D3-BF4B-00C04F79EFBC}") = "Commons", "CSharp\Commons\Commons.csproj", "{704F62D5-467C-4701-BE8E-020984078F74}"
EndProject
Project("{FAE04EC0-301F-11D3-BF4B-00C04F79EFBC}") = "Models", "CSharp\Model\Models.csproj", "{FCA5E410-9F2B-4A74-A7AE-45227D92E64D}"
EndProject
Project("{FAE04EC0-301F-11D3-BF4B-00C04F79EFBC}") = "Services", "CSharp\Services\Services.csproj", "{0CB731CB-CAF6-4495-B62A-B8083353E5F1}"
EndProject
Project("{FAE04EC0-301F-11D3-BF4B-00C04F79EFBC}") = "Tests", "CSharp\Tests\Tests.csproj", "{366FAED0-2472-4173-AB4D-027C8D93BFFB}"
EndProject
Project("{FAE04EC0-301F-11D3-BF4B-00C04F79EFBC}") = "Asteroids", "CSharp\Asteroids\Asteroids.csproj", "{20677463-0008-4077-85D1-F439B7E49DD2}"
EndProject
Project("{FAE04EC0-301F-11D3-BF4B-00C04F79EFBC}") = "Api", "CSharp\Api\Api.csproj", "{86E4F9A4-D170-41AB-9385-1965B09C4E1C}"
EndProject
Project("{FAE04EC0-301F-11D3-BF4B-00C04F79EFBC}") = "DataAccess", "CSharp\DataAccess\DataAccess.csproj", "{F1BE9AE9-8EC2-4D29-88F7-ADA74F20CCBA}"
EndProject
Global
	GlobalSection(SolutionConfigurationPlatforms) = preSolution
		Debug|Any CPU = Debug|Any CPU
		Debug|x64 = Debug|x64
		Debug|x86 = Debug|x86
		Release|Any CPU = Release|Any CPU
		Release|x64 = Release|x64
		Release|x86 = Release|x86
	EndGlobalSection
	GlobalSection(ProjectConfigurationPlatforms) = postSolution
		{704F62D5-467C-4701-BE8E-020984078F74}.Debug|Any CPU.ActiveCfg = Debug|Any CPU
		{704F62D5-467C-4701-BE8E-020984078F74}.Debug|Any CPU.Build.0 = Debug|Any CPU
		{704F62D5-467C-4701-BE8E-020984078F74}.Debug|x64.ActiveCfg = Debug|Any CPU
		{704F62D5-467C-4701-BE8E-020984078F74}.Debug|x64.Build.0 = Debug|Any CPU
		{704F62D5-467C-4701-BE8E-020984078F74}.Debug|x86.ActiveCfg = Debug|Any CPU
		{704F62D5-467C-4701-BE8E-020984078F74}.Debug|x86.Build.0 = Debug|Any CPU
		{704F62D5-467C-4701-BE8E-020984078F74}.Release|Any CPU.ActiveCfg = Release|Any CPU
		{704F62D5-467C-4701-BE8E-020984078F74}.Release|Any CPU.Build.0 = Release|Any CPU
		{704F62D5-467C-4701-BE8E-020984078F74}.Release|x64.ActiveCfg = Release|Any CPU
		{704F62D5-467C-4701-BE8E-020984078F74}.Release|x64.Build.0 = Release|Any CPU
		{704F62D5-467C-4701-BE8E-020984078F74}.Release|x86.ActiveCfg = Release|Any CPU
		{704F62D5-467C-4701-BE8E-020984078F74}.Release|x86.Build.0 = Release|Any CPU
		{FCA5E410-9F2B-4A74-A7AE-45227D92E64D}.Debug|Any CPU.ActiveCfg = Debug|Any CPU
		{FCA5E410-9F2B-4A74-A7AE-45227D92E64D}.Debug|Any CPU.Build.0 = Debug|Any CPU
		{FCA5E410-9F2B-4A74-A7AE-45227D92E64D}.Debug|x64.ActiveCfg = Debug|Any CPU
		{FCA5E410-9F2B-4A74-A7AE-45227D92E64D}.Debug|x64.Build.0 = Debug|Any CPU
		{FCA5E410-9F2B-4A74-A7AE-45227D92E64D}.Debug|x86.ActiveCfg = Debug|Any CPU
		{FCA5E410-9F2B-4A74-A7AE-45227D92E64D}.Debug|x86.Build.0 = Debug|Any CPU
		{FCA5E410-9F2B-4A74-A7AE-45227D92E64D}.Release|Any CPU.ActiveCfg = Release|Any CPU
		{FCA5E410-9F2B-4A74-A7AE-45227D92E64D}.Release|Any CPU.Build.0 = Release|Any CPU
		{FCA5E410-9F2B-4A74-A7AE-45227D92E64D}.Release|x64.ActiveCfg = Release|Any CPU
		{FCA5E410-9F2B-4A74-A7AE-45227D92E64D}.Release|x64.Build.0 = Release|Any CPU
		{FCA5E410-9F2B-4A74-A7AE-45227D92E64D}.Release|x86.ActiveCfg = Release|Any CPU
		{FCA5E410-9F2B-4A74-A7AE-45227D92E64D}.Release|x86.Build.0 = Release|Any CPU
		{0CB731CB-CAF6-4495-B62A-B8083353E5F1}.Debug|Any CPU.ActiveCfg = Debug|Any CPU
		{0CB731CB-CAF6-4495-B62A-B8083353E5F1}.Debug|Any CPU.Build.0 = Debug|Any CPU
		{0CB731CB-CAF6-4495-B62A-B8083353E5F1}.Debug|x64.ActiveCfg = Debug|Any CPU
		{0CB731CB-CAF6-4495-B62A-B8083353E5F1}.Debug|x64.Build.0 = Debug|Any CPU
		{0CB731CB-CAF6-4495-B62A-B8083353E5F1}.Debug|x86.ActiveCfg = Debug|Any CPU
		{0CB731CB-CAF6-4495-B62A-B8083353E5F1}.Debug|x86.Build.0 = Debug|Any CPU
		{0CB731CB-CAF6-4495-B62A-B8083353E5F1}.Release|Any CPU.ActiveCfg = Release|Any CPU
		{0CB731CB-CAF6-4495-B62A-B8083353E5F1}.Release|Any CPU.Build.0 = Release|Any CPU
		{0CB731CB-CAF6-4495-B62A-B8083353E5F1}.Release|x64.ActiveCfg = Release|Any CPU
		{0CB731CB-CAF6-4495-B62A-B8083353E5F1}.Release|x64.Build.0 = Release|Any CPU
		{0CB731CB-CAF6-4495-B62A-B8083353E5F1}.Release|x86.ActiveCfg = Release|Any CPU
		{0CB731CB-CAF6-4495-B62A-B8083353E5F1}.Release|x86.Build.0 = Release|Any CPU
		{366FAED0-2472-4173-AB4D-027C8D93BFFB}.Debug|Any CPU.ActiveCfg = Debug|Any CPU
		{366FAED0-2472-4173-AB4D-027C8D93BFFB}.Debug|Any CPU.Build.0 = Debug|Any CPU
		{366FAED0-2472-4173-AB4D-027C8D93BFFB}.Debug|x64.ActiveCfg = Debug|Any CPU
		{366FAED0-2472-4173-AB4D-027C8D93BFFB}.Debug|x64.Build.0 = Debug|Any CPU
		{366FAED0-2472-4173-AB4D-027C8D93BFFB}.Debug|x86.ActiveCfg = Debug|Any CPU
		{366FAED0-2472-4173-AB4D-027C8D93BFFB}.Debug|x86.Build.0 = Debug|Any CPU
		{366FAED0-2472-4173-AB4D-027C8D93BFFB}.Release|Any CPU.ActiveCfg = Release|Any CPU
		{366FAED0-2472-4173-AB4D-027C8D93BFFB}.Release|Any CPU.Build.0 = Release|Any CPU
		{366FAED0-2472-4173-AB4D-027C8D93BFFB}.Release|x64.ActiveCfg = Release|Any CPU
		{366FAED0-2472-4173-AB4D-027C8D93BFFB}.Release|x64.Build.0 = Release|Any CPU
		{366FAED0-2472-4173-AB4D-027C8D93BFFB}.Release|x86.ActiveCfg = Release|Any CPU
		{366FAED0-2472-4173-AB4D-027C8D93BFFB}.Release|x86.Build.0 = Release|Any CPU
		{20677463-0008-4077-85D1-F439B7E49DD2}.Debug|Any CPU.ActiveCfg = Debug|Any CPU
		{20677463-0008-4077-85D1-F439B7E49DD2}.Debug|Any CPU.Build.0 = Debug|Any CPU
		{20677463-0008-4077-85D1-F439B7E49DD2}.Debug|x64.ActiveCfg = Debug|Any CPU
		{20677463-0008-4077-85D1-F439B7E49DD2}.Debug|x64.Build.0 = Debug|Any CPU
		{20677463-0008-4077-85D1-F439B7E49DD2}.Debug|x86.ActiveCfg = Debug|Any CPU
		{20677463-0008-4077-85D1-F439B7E49DD2}.Debug|x86.Build.0 = Debug|Any CPU
		{20677463-0008-4077-85D1-F439B7E49DD2}.Release|Any CPU.ActiveCfg = Release|Any CPU
		{20677463-0008-4077-85D1-F439B7E49DD2}.Release|Any CPU.Build.0 = Release|Any CPU
		{20677463-0008-4077-85D1-F439B7E49DD2}.Release|x64.ActiveCfg = Release|Any CPU
		{20677463-0008-4077-85D1-F439B7E49DD2}.Release|x64.Build.0 = Release|Any CPU
		{20677463-0008-4077-85D1-F439B7E49DD2}.Release|x86.ActiveCfg = Release|Any CPU
		{20677463-0008-4077-85D1-F439B7E49DD2}.Release|x86.Build.0 = Release|Any CPU
		{86E4F9A4-D170-41AB-9385-1965B09C4E1C}.Debug|Any CPU.ActiveCfg = Debug|Any CPU
		{86E4F9A4-D170-41AB-9385-1965B09C4E1C}.Debug|Any CPU.Build.0 = Debug|Any CPU
		{86E4F9A4-D170-41AB-9385-1965B09C4E1C}.Debug|x64.ActiveCfg = Debug|Any CPU
		{86E4F9A4-D170-41AB-9385-1965B09C4E1C}.Debug|x64.Build.0 = Debug|Any CPU
		{86E4F9A4-D170-41AB-9385-1965B09C4E1C}.Debug|x86.ActiveCfg = Debug|Any CPU
		{86E4F9A4-D170-41AB-9385-1965B09C4E1C}.Debug|x86.Build.0 = Debug|Any CPU
		{86E4F9A4-D170-41AB-9385-1965B09C4E1C}.Release|Any CPU.ActiveCfg = Release|Any CPU
		{86E4F9A4-D170-41AB-9385-1965B09C4E1C}.Release|Any CPU.Build.0 = Release|Any CPU
		{86E4F9A4-D170-41AB-9385-1965B09C4E1C}.Release|x64.ActiveCfg = Release|Any CPU
		{86E4F9A4-D170-41AB-9385-1965B09C4E1C}.Release|x64.Build.0 = Release|Any CPU
		{86E4F9A4-D170-41AB-9385-1965B09C4E1C}.Release|x86.ActiveCfg = Release|Any CPU
		{86E4F9A4-D170-41AB-9385-1965B09C4E1C}.Release|x86.Build.0 = Release|Any CPU
		{F1BE9AE9-8EC2-4D29-88F7-ADA74F20CCBA}.Debug|Any CPU.ActiveCfg = Debug|Any CPU
		{F1BE9AE9-8EC2-4D29-88F7-ADA74F20CCBA}.Debug|Any CPU.Build.0 = Debug|Any CPU
		{F1BE9AE9-8EC2-4D29-88F7-ADA74F20CCBA}.Debug|x64.ActiveCfg = Debug|Any CPU
		{F1BE9AE9-8EC2-4D29-88F7-ADA74F20CCBA}.Debug|x64.Build.0 = Debug|Any CPU
		{F1BE9AE9-8EC2-4D29-88F7-ADA74F20CCBA}.Debug|x86.ActiveCfg = Debug|Any CPU
		{F1BE9AE9-8EC2-4D29-88F7-ADA74F20CCBA}.Debug|x86.Build.0 = Debug|Any CPU
		{F1BE9AE9-8EC2-4D29-88F7-ADA74F20CCBA}.Release|Any CPU.ActiveCfg = Release|Any CPU
		{F1BE9AE9-8EC2-4D29-88F7-ADA74F20CCBA}.Release|Any CPU.Build.0 = Release|Any CPU
		{F1BE9AE9-8EC2-4D29-88F7-ADA74F20CCBA}.Release|x64.ActiveCfg = Release|Any CPU
		{F1BE9AE9-8EC2-4D29-88F7-ADA74F20CCBA}.Release|x64.Build.0 = Release|Any CPU
		{F1BE9AE9-8EC2-4D29-88F7-ADA74F20CCBA}.Release|x86.ActiveCfg = Release|Any CPU
		{F1BE9AE9-8EC2-4D29-88F7-ADA74F20CCBA}.Release|x86.Build.0 = Release|Any CPU
	EndGlobalSection
	GlobalSection(SolutionProperties) = preSolution
		HideSolutionNode = FALSE
	EndGlobalSection
	GlobalSection(NestedProjects) = preSolution
		{704F62D5-467C-4701-BE8E-020984078F74} = {5BCC502D-D6DF-4FEF-9FCB-7ABB33B378D8}
		{FCA5E410-9F2B-4A74-A7AE-45227D92E64D} = {5BCC502D-D6DF-4FEF-9FCB-7ABB33B378D8}
		{0CB731CB-CAF6-4495-B62A-B8083353E5F1} = {5BCC502D-D6DF-4FEF-9FCB-7ABB33B378D8}
		{366FAED0-2472-4173-AB4D-027C8D93BFFB} = {5BCC502D-D6DF-4FEF-9FCB-7ABB33B378D8}
		{20677463-0008-4077-85D1-F439B7E49DD2} = {5BCC502D-D6DF-4FEF-9FCB-7ABB33B378D8}
		{86E4F9A4-D170-41AB-9385-1965B09C4E1C} = {5BCC502D-D6DF-4FEF-9FCB-7ABB33B378D8}
		{F1BE9AE9-8EC2-4D29-88F7-ADA74F20CCBA} = {5BCC502D-D6DF-4FEF-9FCB-7ABB33B378D8}
	EndGlobalSection
EndGlobal
